// !$*UTF8*$!
{
	archiveVersion = 1;
	classes = {
	};
	objectVersion = 55;
	objects = {

/* Begin PBXBuildFile section */
		BDD9C6002886F73000995201 /* AppDelegate.swift in Sources */ = {isa = PBXBuildFile; fileRef = BDD9C5FF2886F73000995201 /* AppDelegate.swift */; };
		BDD9C6022886F73000995201 /* SceneDelegate.swift in Sources */ = {isa = PBXBuildFile; fileRef = BDD9C6012886F73000995201 /* SceneDelegate.swift */; };
		BDD9C6042886F73000995201 /* ViewController.swift in Sources */ = {isa = PBXBuildFile; fileRef = BDD9C6032886F73000995201 /* ViewController.swift */; };
		BDD9C6072886F73000995201 /* Main.storyboard in Resources */ = {isa = PBXBuildFile; fileRef = BDD9C6052886F73000995201 /* Main.storyboard */; };
		BDD9C60A2886F73000995201 /* FinalProjectShopVersity.xcdatamodeld in Sources */ = {isa = PBXBuildFile; fileRef = BDD9C6082886F73000995201 /* FinalProjectShopVersity.xcdatamodeld */; };
		BDD9C60C2886F73100995201 /* Assets.xcassets in Resources */ = {isa = PBXBuildFile; fileRef = BDD9C60B2886F73100995201 /* Assets.xcassets */; };
		BDD9C60F2886F73100995201 /* LaunchScreen.storyboard in Resources */ = {isa = PBXBuildFile; fileRef = BDD9C60D2886F73100995201 /* LaunchScreen.storyboard */; };
		BDD9C61A2886F73100995201 /* FinalProjectShopVersityTests.swift in Sources */ = {isa = PBXBuildFile; fileRef = BDD9C6192886F73100995201 /* FinalProjectShopVersityTests.swift */; };
		BDD9C6242886F73100995201 /* FinalProjectShopVersityUITests.swift in Sources */ = {isa = PBXBuildFile; fileRef = BDD9C6232886F73100995201 /* FinalProjectShopVersityUITests.swift */; };
		BDD9C6262886F73100995201 /* FinalProjectShopVersityUITestsLaunchTests.swift in Sources */ = {isa = PBXBuildFile; fileRef = BDD9C6252886F73100995201 /* FinalProjectShopVersityUITestsLaunchTests.swift */; };
/* End PBXBuildFile section */

/* Begin PBXContainerItemProxy section */
		BDD9C6162886F73100995201 /* PBXContainerItemProxy */ = {
			isa = PBXContainerItemProxy;
			containerPortal = BDD9C5F42886F73000995201 /* Project object */;
			proxyType = 1;
			remoteGlobalIDString = BDD9C5FB2886F73000995201;
			remoteInfo = FinalProjectShopVersity;
		};
		BDD9C6202886F73100995201 /* PBXContainerItemProxy */ = {
			isa = PBXContainerItemProxy;
			containerPortal = BDD9C5F42886F73000995201 /* Project object */;
			proxyType = 1;
			remoteGlobalIDString = BDD9C5FB2886F73000995201;
			remoteInfo = FinalProjectShopVersity;
		};
/* End PBXContainerItemProxy section */

/* Begin PBXFileReference section */
		BDD9C5FC2886F73000995201 /* FinalProjectShopVersity.app */ = {isa = PBXFileReference; explicitFileType = wrapper.application; includeInIndex = 0; path = FinalProjectShopVersity.app; sourceTree = BUILT_PRODUCTS_DIR; };
		BDD9C5FF2886F73000995201 /* AppDelegate.swift */ = {isa = PBXFileReference; lastKnownFileType = sourcecode.swift; path = AppDelegate.swift; sourceTree = "<group>"; };
		BDD9C6012886F73000995201 /* SceneDelegate.swift */ = {isa = PBXFileReference; lastKnownFileType = sourcecode.swift; path = SceneDelegate.swift; sourceTree = "<group>"; };
		BDD9C6032886F73000995201 /* ViewController.swift */ = {isa = PBXFileReference; lastKnownFileType = sourcecode.swift; path = ViewController.swift; sourceTree = "<group>"; };
		BDD9C6062886F73000995201 /* Base */ = {isa = PBXFileReference; lastKnownFileType = file.storyboard; name = Base; path = Base.lproj/Main.storyboard; sourceTree = "<group>"; };
		BDD9C6092886F73000995201 /* FinalProjectShopVersity.xcdatamodel */ = {isa = PBXFileReference; lastKnownFileType = wrapper.xcdatamodel; path = FinalProjectShopVersity.xcdatamodel; sourceTree = "<group>"; };
		BDD9C60B2886F73100995201 /* Assets.xcassets */ = {isa = PBXFileReference; lastKnownFileType = folder.assetcatalog; path = Assets.xcassets; sourceTree = "<group>"; };
		BDD9C60E2886F73100995201 /* Base */ = {isa = PBXFileReference; lastKnownFileType = file.storyboard; name = Base; path = Base.lproj/LaunchScreen.storyboard; sourceTree = "<group>"; };
		BDD9C6102886F73100995201 /* Info.plist */ = {isa = PBXFileReference; lastKnownFileType = text.plist.xml; path = Info.plist; sourceTree = "<group>"; };
		BDD9C6152886F73100995201 /* FinalProjectShopVersityTests.xctest */ = {isa = PBXFileReference; explicitFileType = wrapper.cfbundle; includeInIndex = 0; path = FinalProjectShopVersityTests.xctest; sourceTree = BUILT_PRODUCTS_DIR; };
		BDD9C6192886F73100995201 /* FinalProjectShopVersityTests.swift */ = {isa = PBXFileReference; lastKnownFileType = sourcecode.swift; path = FinalProjectShopVersityTests.swift; sourceTree = "<group>"; };
		BDD9C61F2886F73100995201 /* FinalProjectShopVersityUITests.xctest */ = {isa = PBXFileReference; explicitFileType = wrapper.cfbundle; includeInIndex = 0; path = FinalProjectShopVersityUITests.xctest; sourceTree = BUILT_PRODUCTS_DIR; };
		BDD9C6232886F73100995201 /* FinalProjectShopVersityUITests.swift */ = {isa = PBXFileReference; lastKnownFileType = sourcecode.swift; path = FinalProjectShopVersityUITests.swift; sourceTree = "<group>"; };
		BDD9C6252886F73100995201 /* FinalProjectShopVersityUITestsLaunchTests.swift */ = {isa = PBXFileReference; lastKnownFileType = sourcecode.swift; path = FinalProjectShopVersityUITestsLaunchTests.swift; sourceTree = "<group>"; };
/* End PBXFileReference section */

/* Begin PBXFrameworksBuildPhase section */
		BDD9C5F92886F73000995201 /* Frameworks */ = {
			isa = PBXFrameworksBuildPhase;
			buildActionMask = 2147483647;
			files = (
			);
			runOnlyForDeploymentPostprocessing = 0;
		};
		BDD9C6122886F73100995201 /* Frameworks */ = {
			isa = PBXFrameworksBuildPhase;
			buildActionMask = 2147483647;
			files = (
			);
			runOnlyForDeploymentPostprocessing = 0;
		};
		BDD9C61C2886F73100995201 /* Frameworks */ = {
			isa = PBXFrameworksBuildPhase;
			buildActionMask = 2147483647;
			files = (
			);
			runOnlyForDeploymentPostprocessing = 0;
		};
/* End PBXFrameworksBuildPhase section */

/* Begin PBXGroup section */
		BDD9C5F32886F73000995201 = {
			isa = PBXGroup;
			children = (
				BDD9C5FE2886F73000995201 /* FinalProjectShopVersity */,
				BDD9C6182886F73100995201 /* FinalProjectShopVersityTests */,
				BDD9C6222886F73100995201 /* FinalProjectShopVersityUITests */,
				BDD9C5FD2886F73000995201 /* Products */,
			);
			sourceTree = "<group>";
		};
		BDD9C5FD2886F73000995201 /* Products */ = {
			isa = PBXGroup;
			children = (
				BDD9C5FC2886F73000995201 /* FinalProjectShopVersity.app */,
				BDD9C6152886F73100995201 /* FinalProjectShopVersityTests.xctest */,
				BDD9C61F2886F73100995201 /* FinalProjectShopVersityUITests.xctest */,
			);
			name = Products;
			sourceTree = "<group>";
		};
		BDD9C5FE2886F73000995201 /* FinalProjectShopVersity */ = {
			isa = PBXGroup;
			children = (
				BDD9C5FF2886F73000995201 /* AppDelegate.swift */,
				BDD9C6012886F73000995201 /* SceneDelegate.swift */,
				BDD9C6032886F73000995201 /* ViewController.swift */,
				BDD9C6052886F73000995201 /* Main.storyboard */,
				BDD9C60B2886F73100995201 /* Assets.xcassets */,
				BDD9C60D2886F73100995201 /* LaunchScreen.storyboard */,
				BDD9C6102886F73100995201 /* Info.plist */,
				BDD9C6082886F73000995201 /* FinalProjectShopVersity.xcdatamodeld */,
			);
			path = FinalProjectShopVersity;
			sourceTree = "<group>";
		};
		BDD9C6182886F73100995201 /* FinalProjectShopVersityTests */ = {
			isa = PBXGroup;
			children = (
				BDD9C6192886F73100995201 /* FinalProjectShopVersityTests.swift */,
			);
			path = FinalProjectShopVersityTests;
			sourceTree = "<group>";
		};
		BDD9C6222886F73100995201 /* FinalProjectShopVersityUITests */ = {
			isa = PBXGroup;
			children = (
				BDD9C6232886F73100995201 /* FinalProjectShopVersityUITests.swift */,
				BDD9C6252886F73100995201 /* FinalProjectShopVersityUITestsLaunchTests.swift */,
			);
			path = FinalProjectShopVersityUITests;
			sourceTree = "<group>";
		};
/* End PBXGroup section */

/* Begin PBXNativeTarget section */
		BDD9C5FB2886F73000995201 /* FinalProjectShopVersity */ = {
			isa = PBXNativeTarget;
			buildConfigurationList = BDD9C6292886F73100995201 /* Build configuration list for PBXNativeTarget "FinalProjectShopVersity" */;
			buildPhases = (
				BDD9C5F82886F73000995201 /* Sources */,
				BDD9C5F92886F73000995201 /* Frameworks */,
				BDD9C5FA2886F73000995201 /* Resources */,
			);
			buildRules = (
			);
			dependencies = (
			);
			name = FinalProjectShopVersity;
			productName = FinalProjectShopVersity;
			productReference = BDD9C5FC2886F73000995201 /* FinalProjectShopVersity.app */;
			productType = "com.apple.product-type.application";
		};
		BDD9C6142886F73100995201 /* FinalProjectShopVersityTests */ = {
			isa = PBXNativeTarget;
			buildConfigurationList = BDD9C62C2886F73100995201 /* Build configuration list for PBXNativeTarget "FinalProjectShopVersityTests" */;
			buildPhases = (
				BDD9C6112886F73100995201 /* Sources */,
				BDD9C6122886F73100995201 /* Frameworks */,
				BDD9C6132886F73100995201 /* Resources */,
			);
			buildRules = (
			);
			dependencies = (
				BDD9C6172886F73100995201 /* PBXTargetDependency */,
			);
			name = FinalProjectShopVersityTests;
			productName = FinalProjectShopVersityTests;
			productReference = BDD9C6152886F73100995201 /* FinalProjectShopVersityTests.xctest */;
			productType = "com.apple.product-type.bundle.unit-test";
		};
		BDD9C61E2886F73100995201 /* FinalProjectShopVersityUITests */ = {
			isa = PBXNativeTarget;
			buildConfigurationList = BDD9C62F2886F73100995201 /* Build configuration list for PBXNativeTarget "FinalProjectShopVersityUITests" */;
			buildPhases = (
				BDD9C61B2886F73100995201 /* Sources */,
				BDD9C61C2886F73100995201 /* Frameworks */,
				BDD9C61D2886F73100995201 /* Resources */,
			);
			buildRules = (
			);
			dependencies = (
				BDD9C6212886F73100995201 /* PBXTargetDependency */,
			);
			name = FinalProjectShopVersityUITests;
			productName = FinalProjectShopVersityUITests;
			productReference = BDD9C61F2886F73100995201 /* FinalProjectShopVersityUITests.xctest */;
			productType = "com.apple.product-type.bundle.ui-testing";
		};
/* End PBXNativeTarget section */

/* Begin PBXProject section */
		BDD9C5F42886F73000995201 /* Project object */ = {
			isa = PBXProject;
			attributes = {
				BuildIndependentTargetsInParallel = 1;
				LastSwiftUpdateCheck = 1340;
				LastUpgradeCheck = 1340;
				TargetAttributes = {
					BDD9C5FB2886F73000995201 = {
						CreatedOnToolsVersion = 13.4;
					};
					BDD9C6142886F73100995201 = {
						CreatedOnToolsVersion = 13.4;
						TestTargetID = BDD9C5FB2886F73000995201;
					};
					BDD9C61E2886F73100995201 = {
						CreatedOnToolsVersion = 13.4;
						TestTargetID = BDD9C5FB2886F73000995201;
					};
				};
			};
			buildConfigurationList = BDD9C5F72886F73000995201 /* Build configuration list for PBXProject "FinalProjectShopVersity" */;
			compatibilityVersion = "Xcode 13.0";
			developmentRegion = en;
			hasScannedForEncodings = 0;
			knownRegions = (
				en,
				Base,
			);
			mainGroup = BDD9C5F32886F73000995201;
			productRefGroup = BDD9C5FD2886F73000995201 /* Products */;
			projectDirPath = "";
			projectRoot = "";
			targets = (
				BDD9C5FB2886F73000995201 /* FinalProjectShopVersity */,
				BDD9C6142886F73100995201 /* FinalProjectShopVersityTests */,
				BDD9C61E2886F73100995201 /* FinalProjectShopVersityUITests */,
			);
		};
/* End PBXProject section */

/* Begin PBXResourcesBuildPhase section */
		BDD9C5FA2886F73000995201 /* Resources */ = {
			isa = PBXResourcesBuildPhase;
			buildActionMask = 2147483647;
			files = (
				BDD9C60F2886F73100995201 /* LaunchScreen.storyboard in Resources */,
				BDD9C60C2886F73100995201 /* Assets.xcassets in Resources */,
				BDD9C6072886F73000995201 /* Main.storyboard in Resources */,
			);
			runOnlyForDeploymentPostprocessing = 0;
		};
		BDD9C6132886F73100995201 /* Resources */ = {
			isa = PBXResourcesBuildPhase;
			buildActionMask = 2147483647;
			files = (
			);
			runOnlyForDeploymentPostprocessing = 0;
		};
		BDD9C61D2886F73100995201 /* Resources */ = {
			isa = PBXResourcesBuildPhase;
			buildActionMask = 2147483647;
			files = (
			);
			runOnlyForDeploymentPostprocessing = 0;
		};
/* End PBXResourcesBuildPhase section */

/* Begin PBXSourcesBuildPhase section */
		BDD9C5F82886F73000995201 /* Sources */ = {
			isa = PBXSourcesBuildPhase;
			buildActionMask = 2147483647;
			files = (
				BDD9C6042886F73000995201 /* ViewController.swift in Sources */,
				BDD9C60A2886F73000995201 /* FinalProjectShopVersity.xcdatamodeld in Sources */,
				BDD9C6002886F73000995201 /* AppDelegate.swift in Sources */,
				BDD9C6022886F73000995201 /* SceneDelegate.swift in Sources */,
			);
			runOnlyForDeploymentPostprocessing = 0;
		};
		BDD9C6112886F73100995201 /* Sources */ = {
			isa = PBXSourcesBuildPhase;
			buildActionMask = 2147483647;
			files = (
				BDD9C61A2886F73100995201 /* FinalProjectShopVersityTests.swift in Sources */,
			);
			runOnlyForDeploymentPostprocessing = 0;
		};
		BDD9C61B2886F73100995201 /* Sources */ = {
			isa = PBXSourcesBuildPhase;
			buildActionMask = 2147483647;
			files = (
				BDD9C6262886F73100995201 /* FinalProjectShopVersityUITestsLaunchTests.swift in Sources */,
				BDD9C6242886F73100995201 /* FinalProjectShopVersityUITests.swift in Sources */,
			);
			runOnlyForDeploymentPostprocessing = 0;
		};
/* End PBXSourcesBuildPhase section */

/* Begin PBXTargetDependency section */
		BDD9C6172886F73100995201 /* PBXTargetDependency */ = {
			isa = PBXTargetDependency;
			target = BDD9C5FB2886F73000995201 /* FinalProjectShopVersity */;
			targetProxy = BDD9C6162886F73100995201 /* PBXContainerItemProxy */;
		};
		BDD9C6212886F73100995201 /* PBXTargetDependency */ = {
			isa = PBXTargetDependency;
			target = BDD9C5FB2886F73000995201 /* FinalProjectShopVersity */;
			targetProxy = BDD9C6202886F73100995201 /* PBXContainerItemProxy */;
		};
/* End PBXTargetDependency section */

/* Begin PBXVariantGroup section */
		BDD9C6052886F73000995201 /* Main.storyboard */ = {
			isa = PBXVariantGroup;
			children = (
				BDD9C6062886F73000995201 /* Base */,
			);
			name = Main.storyboard;
			sourceTree = "<group>";
		};
		BDD9C60D2886F73100995201 /* LaunchScreen.storyboard */ = {
			isa = PBXVariantGroup;
			children = (
				BDD9C60E2886F73100995201 /* Base */,
			);
			name = LaunchScreen.storyboard;
			sourceTree = "<group>";
		};
/* End PBXVariantGroup section */

/* Begin XCBuildConfiguration section */
		BDD9C6272886F73100995201 /* Debug */ = {
			isa = XCBuildConfiguration;
			buildSettings = {
				ALWAYS_SEARCH_USER_PATHS = NO;
				CLANG_ANALYZER_NONNULL = YES;
				CLANG_ANALYZER_NUMBER_OBJECT_CONVERSION = YES_AGGRESSIVE;
				CLANG_CXX_LANGUAGE_STANDARD = "gnu++17";
				CLANG_ENABLE_MODULES = YES;
				CLANG_ENABLE_OBJC_ARC = YES;
				CLANG_ENABLE_OBJC_WEAK = YES;
				CLANG_WARN_BLOCK_CAPTURE_AUTORELEASING = YES;
				CLANG_WARN_BOOL_CONVERSION = YES;
				CLANG_WARN_COMMA = YES;
				CLANG_WARN_CONSTANT_CONVERSION = YES;
				CLANG_WARN_DEPRECATED_OBJC_IMPLEMENTATIONS = YES;
				CLANG_WARN_DIRECT_OBJC_ISA_USAGE = YES_ERROR;
				CLANG_WARN_DOCUMENTATION_COMMENTS = YES;
				CLANG_WARN_EMPTY_BODY = YES;
				CLANG_WARN_ENUM_CONVERSION = YES;
				CLANG_WARN_INFINITE_RECURSION = YES;
				CLANG_WARN_INT_CONVERSION = YES;
				CLANG_WARN_NON_LITERAL_NULL_CONVERSION = YES;
				CLANG_WARN_OBJC_IMPLICIT_RETAIN_SELF = YES;
				CLANG_WARN_OBJC_LITERAL_CONVERSION = YES;
				CLANG_WARN_OBJC_ROOT_CLASS = YES_ERROR;
				CLANG_WARN_QUOTED_INCLUDE_IN_FRAMEWORK_HEADER = YES;
				CLANG_WARN_RANGE_LOOP_ANALYSIS = YES;
				CLANG_WARN_STRICT_PROTOTYPES = YES;
				CLANG_WARN_SUSPICIOUS_MOVE = YES;
				CLANG_WARN_UNGUARDED_AVAILABILITY = YES_AGGRESSIVE;
				CLANG_WARN_UNREACHABLE_CODE = YES;
				CLANG_WARN__DUPLICATE_METHOD_MATCH = YES;
				COPY_PHASE_STRIP = NO;
				DEBUG_INFORMATION_FORMAT = dwarf;
				ENABLE_STRICT_OBJC_MSGSEND = YES;
				ENABLE_TESTABILITY = YES;
				GCC_C_LANGUAGE_STANDARD = gnu11;
				GCC_DYNAMIC_NO_PIC = NO;
				GCC_NO_COMMON_BLOCKS = YES;
				GCC_OPTIMIZATION_LEVEL = 0;
				GCC_PREPROCESSOR_DEFINITIONS = (
					"DEBUG=1",
					"$(inherited)",
				);
				GCC_WARN_64_TO_32_BIT_CONVERSION = YES;
				GCC_WARN_ABOUT_RETURN_TYPE = YES_ERROR;
				GCC_WARN_UNDECLARED_SELECTOR = YES;
				GCC_WARN_UNINITIALIZED_AUTOS = YES_AGGRESSIVE;
				GCC_WARN_UNUSED_FUNCTION = YES;
				GCC_WARN_UNUSED_VARIABLE = YES;
				IPHONEOS_DEPLOYMENT_TARGET = 15.5;
				MTL_ENABLE_DEBUG_INFO = INCLUDE_SOURCE;
				MTL_FAST_MATH = YES;
				ONLY_ACTIVE_ARCH = YES;
				SDKROOT = iphoneos;
				SWIFT_ACTIVE_COMPILATION_CONDITIONS = DEBUG;
				SWIFT_OPTIMIZATION_LEVEL = "-Onone";
			};
			name = Debug;
		};
		BDD9C6282886F73100995201 /* Release */ = {
			isa = XCBuildConfiguration;
			buildSettings = {
				ALWAYS_SEARCH_USER_PATHS = NO;
				CLANG_ANALYZER_NONNULL = YES;
				CLANG_ANALYZER_NUMBER_OBJECT_CONVERSION = YES_AGGRESSIVE;
				CLANG_CXX_LANGUAGE_STANDARD = "gnu++17";
				CLANG_ENABLE_MODULES = YES;
				CLANG_ENABLE_OBJC_ARC = YES;
				CLANG_ENABLE_OBJC_WEAK = YES;
				CLANG_WARN_BLOCK_CAPTURE_AUTORELEASING = YES;
				CLANG_WARN_BOOL_CONVERSION = YES;
				CLANG_WARN_COMMA = YES;
				CLANG_WARN_CONSTANT_CONVERSION = YES;
				CLANG_WARN_DEPRECATED_OBJC_IMPLEMENTATIONS = YES;
				CLANG_WARN_DIRECT_OBJC_ISA_USAGE = YES_ERROR;
				CLANG_WARN_DOCUMENTATION_COMMENTS = YES;
				CLANG_WARN_EMPTY_BODY = YES;
				CLANG_WARN_ENUM_CONVERSION = YES;
				CLANG_WARN_INFINITE_RECURSION = YES;
				CLANG_WARN_INT_CONVERSION = YES;
				CLANG_WARN_NON_LITERAL_NULL_CONVERSION = YES;
				CLANG_WARN_OBJC_IMPLICIT_RETAIN_SELF = YES;
				CLANG_WARN_OBJC_LITERAL_CONVERSION = YES;
				CLANG_WARN_OBJC_ROOT_CLASS = YES_ERROR;
				CLANG_WARN_QUOTED_INCLUDE_IN_FRAMEWORK_HEADER = YES;
				CLANG_WARN_RANGE_LOOP_ANALYSIS = YES;
				CLANG_WARN_STRICT_PROTOTYPES = YES;
				CLANG_WARN_SUSPICIOUS_MOVE = YES;
				CLANG_WARN_UNGUARDED_AVAILABILITY = YES_AGGRESSIVE;
				CLANG_WARN_UNREACHABLE_CODE = YES;
				CLANG_WARN__DUPLICATE_METHOD_MATCH = YES;
				COPY_PHASE_STRIP = NO;
				DEBUG_INFORMATION_FORMAT = "dwarf-with-dsym";
				ENABLE_NS_ASSERTIONS = NO;
				ENABLE_STRICT_OBJC_MSGSEND = YES;
				GCC_C_LANGUAGE_STANDARD = gnu11;
				GCC_NO_COMMON_BLOCKS = YES;
				GCC_WARN_64_TO_32_BIT_CONVERSION = YES;
				GCC_WARN_ABOUT_RETURN_TYPE = YES_ERROR;
				GCC_WARN_UNDECLARED_SELECTOR = YES;
				GCC_WARN_UNINITIALIZED_AUTOS = YES_AGGRESSIVE;
				GCC_WARN_UNUSED_FUNCTION = YES;
				GCC_WARN_UNUSED_VARIABLE = YES;
				IPHONEOS_DEPLOYMENT_TARGET = 15.5;
				MTL_ENABLE_DEBUG_INFO = NO;
				MTL_FAST_MATH = YES;
				SDKROOT = iphoneos;
				SWIFT_COMPILATION_MODE = wholemodule;
				SWIFT_OPTIMIZATION_LEVEL = "-O";
				VALIDATE_PRODUCT = YES;
			};
			name = Release;
		};
		BDD9C62A2886F73100995201 /* Debug */ = {
			isa = XCBuildConfiguration;
			buildSettings = {
				ASSETCATALOG_COMPILER_APPICON_NAME = AppIcon;
				ASSETCATALOG_COMPILER_GLOBAL_ACCENT_COLOR_NAME = AccentColor;
				CODE_SIGN_STYLE = Automatic;
				CURRENT_PROJECT_VERSION = 1;
				GENERATE_INFOPLIST_FILE = YES;
				INFOPLIST_FILE = FinalProjectShopVersity/Info.plist;
				INFOPLIST_KEY_UIApplicationSupportsIndirectInputEvents = YES;
				INFOPLIST_KEY_UILaunchStoryboardName = LaunchScreen;
				INFOPLIST_KEY_UIMainStoryboardFile = Main;
				INFOPLIST_KEY_UISupportedInterfaceOrientations_iPad = "UIInterfaceOrientationPortrait UIInterfaceOrientationPortraitUpsideDown UIInterfaceOrientationLandscapeLeft UIInterfaceOrientationLandscapeRight";
				INFOPLIST_KEY_UISupportedInterfaceOrientations_iPhone = "UIInterfaceOrientationPortrait UIInterfaceOrientationLandscapeLeft UIInterfaceOrientationLandscapeRight";
				LD_RUNPATH_SEARCH_PATHS = (
					"$(inherited)",
					"@executable_path/Frameworks",
				);
				MARKETING_VERSION = 1.0;
				PRODUCT_BUNDLE_IDENTIFIER = kwk.FinalProjectShopVersity;
				PRODUCT_NAME = "$(TARGET_NAME)";
				SWIFT_EMIT_LOC_STRINGS = YES;
				SWIFT_VERSION = 5.0;
				TARGETED_DEVICE_FAMILY = "1,2";
			};
			name = Debug;
		};
		BDD9C62B2886F73100995201 /* Release */ = {
			isa = XCBuildConfiguration;
			buildSettings = {
				ASSETCATALOG_COMPILER_APPICON_NAME = AppIcon;
				ASSETCATALOG_COMPILER_GLOBAL_ACCENT_COLOR_NAME = AccentColor;
				CODE_SIGN_STYLE = Automatic;
				CURRENT_PROJECT_VERSION = 1;
				GENERATE_INFOPLIST_FILE = YES;
				INFOPLIST_FILE = FinalProjectShopVersity/Info.plist;
				INFOPLIST_KEY_UIApplicationSupportsIndirectInputEvents = YES;
				INFOPLIST_KEY_UILaunchStoryboardName = LaunchScreen;
				INFOPLIST_KEY_UIMainStoryboardFile = Main;
				INFOPLIST_KEY_UISupportedInterfaceOrientations_iPad = "UIInterfaceOrientationPortrait UIInterfaceOrientationPortraitUpsideDown UIInterfaceOrientationLandscapeLeft UIInterfaceOrientationLandscapeRight";
				INFOPLIST_KEY_UISupportedInterfaceOrientations_iPhone = "UIInterfaceOrientationPortrait UIInterfaceOrientationLandscapeLeft UIInterfaceOrientationLandscapeRight";
				LD_RUNPATH_SEARCH_PATHS = (
					"$(inherited)",
					"@executable_path/Frameworks",
				);
				MARKETING_VERSION = 1.0;
				PRODUCT_BUNDLE_IDENTIFIER = kwk.FinalProjectShopVersity;
				PRODUCT_NAME = "$(TARGET_NAME)";
				SWIFT_EMIT_LOC_STRINGS = YES;
				SWIFT_VERSION = 5.0;
				TARGETED_DEVICE_FAMILY = "1,2";
			};
			name = Release;
		};
		BDD9C62D2886F73100995201 /* Debug */ = {
			isa = XCBuildConfiguration;
			buildSettings = {
				ALWAYS_EMBED_SWIFT_STANDARD_LIBRARIES = YES;
				BUNDLE_LOADER = "$(TEST_HOST)";
				CODE_SIGN_STYLE = Automatic;
				CURRENT_PROJECT_VERSION = 1;
				GENERATE_INFOPLIST_FILE = YES;
				IPHONEOS_DEPLOYMENT_TARGET = 15.5;
				MARKETING_VERSION = 1.0;
				PRODUCT_BUNDLE_IDENTIFIER = kwk.FinalProjectShopVersityTests;
				PRODUCT_NAME = "$(TARGET_NAME)";
				SWIFT_EMIT_LOC_STRINGS = NO;
				SWIFT_VERSION = 5.0;
				TARGETED_DEVICE_FAMILY = "1,2";
				TEST_HOST = "$(BUILT_PRODUCTS_DIR)/FinalProjectShopVersity.app/FinalProjectShopVersity";
			};
			name = Debug;
		};
		BDD9C62E2886F73100995201 /* Release */ = {
			isa = XCBuildConfiguration;
			buildSettings = {
				ALWAYS_EMBED_SWIFT_STANDARD_LIBRARIES = YES;
				BUNDLE_LOADER = "$(TEST_HOST)";
				CODE_SIGN_STYLE = Automatic;
				CURRENT_PROJECT_VERSION = 1;
				GENERATE_INFOPLIST_FILE = YES;
				IPHONEOS_DEPLOYMENT_TARGET = 15.5;
				MARKETING_VERSION = 1.0;
				PRODUCT_BUNDLE_IDENTIFIER = kwk.FinalProjectShopVersityTests;
				PRODUCT_NAME = "$(TARGET_NAME)";
				SWIFT_EMIT_LOC_STRINGS = NO;
				SWIFT_VERSION = 5.0;
				TARGETED_DEVICE_FAMILY = "1,2";
				TEST_HOST = "$(BUILT_PRODUCTS_DIR)/FinalProjectShopVersity.app/FinalProjectShopVersity";
			};
			name = Release;
		};
		BDD9C6302886F73100995201 /* Debug */ = {
			isa = XCBuildConfiguration;
			buildSettings = {
				ALWAYS_EMBED_SWIFT_STANDARD_LIBRARIES = YES;
				CODE_SIGN_STYLE = Automatic;
				CURRENT_PROJECT_VERSION = 1;
				GENERATE_INFOPLIST_FILE = YES;
				MARKETING_VERSION = 1.0;
				PRODUCT_BUNDLE_IDENTIFIER = kwk.FinalProjectShopVersityUITests;
				PRODUCT_NAME = "$(TARGET_NAME)";
				SWIFT_EMIT_LOC_STRINGS = NO;
				SWIFT_VERSION = 5.0;
				TARGETED_DEVICE_FAMILY = "1,2";
				TEST_TARGET_NAME = FinalProjectShopVersity;
			};
			name = Debug;
		};
		BDD9C6312886F73100995201 /* Release */ = {
			isa = XCBuildConfiguration;
			buildSettings = {
				ALWAYS_EMBED_SWIFT_STANDARD_LIBRARIES = YES;
				CODE_SIGN_STYLE = Automatic;
				CURRENT_PROJECT_VERSION = 1;
				GENERATE_INFOPLIST_FILE = YES;
				MARKETING_VERSION = 1.0;
				PRODUCT_BUNDLE_IDENTIFIER = kwk.FinalProjectShopVersityUITests;
				PRODUCT_NAME = "$(TARGET_NAME)";
				SWIFT_EMIT_LOC_STRINGS = NO;
				SWIFT_VERSION = 5.0;
				TARGETED_DEVICE_FAMILY = "1,2";
				TEST_TARGET_NAME = FinalProjectShopVersity;
			};
			name = Release;
		};
/* End XCBuildConfiguration section */

/* Begin XCConfigurationList section */
		BDD9C5F72886F73000995201 /* Build configuration list for PBXProject "FinalProjectShopVersity" */ = {
			isa = XCConfigurationList;
			buildConfigurations = (
				BDD9C6272886F73100995201 /* Debug */,
				BDD9C6282886F73100995201 /* Release */,
			);
			defaultConfigurationIsVisible = 0;
			defaultConfigurationName = Release;
		};
		BDD9C6292886F73100995201 /* Build configuration list for PBXNativeTarget "FinalProjectShopVersity" */ = {
			isa = XCConfigurationList;
			buildConfigurations = (
				BDD9C62A2886F73100995201 /* Debug */,
				BDD9C62B2886F73100995201 /* Release */,
			);
			defaultConfigurationIsVisible = 0;
			defaultConfigurationName = Release;
		};
		BDD9C62C2886F73100995201 /* Build configuration list for PBXNativeTarget "FinalProjectShopVersityTests" */ = {
			isa = XCConfigurationList;
			buildConfigurations = (
				BDD9C62D2886F73100995201 /* Debug */,
				BDD9C62E2886F73100995201 /* Release */,
			);
			defaultConfigurationIsVisible = 0;
			defaultConfigurationName = Release;
		};
		BDD9C62F2886F73100995201 /* Build configuration list for PBXNativeTarget "FinalProjectShopVersityUITests" */ = {
			isa = XCConfigurationList;
			buildConfigurations = (
				BDD9C6302886F73100995201 /* Debug */,
				BDD9C6312886F73100995201 /* Release */,
			);
			defaultConfigurationIsVisible = 0;
			defaultConfigurationName = Release;
		};
/* End XCConfigurationList section */

/* Begin XCVersionGroup section */
		BDD9C6082886F73000995201 /* FinalProjectShopVersity.xcdatamodeld */ = {
			isa = XCVersionGroup;
			children = (
				BDD9C6092886F73000995201 /* FinalProjectShopVersity.xcdatamodel */,
			);
			currentVersion = BDD9C6092886F73000995201 /* FinalProjectShopVersity.xcdatamodel */;
			path = FinalProjectShopVersity.xcdatamodeld;
			sourceTree = "<group>";
			versionGroupType = wrapper.xcdatamodel;
		};
/* End XCVersionGroup section */
	};
	rootObject = BDD9C5F42886F73000995201 /* Project object */;
}
